// !$*UTF8*$!
{
	archiveVersion = 1;
	classes = {
	};
	objectVersion = 55;
	objects = {

/* Begin PBXBuildFile section */
		31CDBBF4FF1F9FDA975B9A0C /* Kingfisher_Kingfisher.bundle in Dependencies */ = {isa = PBXBuildFile; fileRef = E7FCFF88B9A0055CFF04F08C /* Kingfisher_Kingfisher.bundle */; };
		4777C3C61BBB8475FFBAAB35 /* Kingfisher.framework in Frameworks */ = {isa = PBXBuildFile; fileRef = 0DB57A67008614AC898880E2 /* Kingfisher.framework */; };
		A1AE53CF9F2BEF4FA4BE8353 /* Shared.framework in Frameworks */ = {isa = PBXBuildFile; fileRef = A939FD02973047E72B56C7E5 /* Shared.framework */; };
		E163E36550C2618FF867F845 /* ContentView.swift in Sources */ = {isa = PBXBuildFile; fileRef = 1F0315BE6A30857E6E214122 /* ContentView.swift */; };
		F7C6CF3C96C4B74D175F0F16 /* Notizen-App.swift in Sources */ = {isa = PBXBuildFile; fileRef = 5EF57C21CC2145CB67368A6E /* Notizen-App.swift */; };
		FCA9EA822CCB44010E9A3D5D /* Kingfisher_Kingfisher.bundle in Resources */ = {isa = PBXBuildFile; fileRef = E7FCFF88B9A0055CFF04F08C /* Kingfisher_Kingfisher.bundle */; };
/* End PBXBuildFile section */

/* Begin PBXCopyFilesBuildPhase section */
		63E5BB363D6721F1BE9E2297 /* Dependencies */ = {
			isa = PBXCopyFilesBuildPhase;
			buildActionMask = 8;
			dstSubfolderSpec = 16;
			files = (
				31CDBBF4FF1F9FDA975B9A0C /* Kingfisher_Kingfisher.bundle in Dependencies */,
			);
			name = Dependencies;
			runOnlyForDeploymentPostprocessing = 1;
		};
		C48D7B85D43E97AA784F7BFF /* Embed Frameworks */ = {
			isa = PBXCopyFilesBuildPhase;
			buildActionMask = 2147483647;
			dstPath = "";
			dstSubfolderSpec = 10;
			files = (
			);
			name = "Embed Frameworks";
			runOnlyForDeploymentPostprocessing = 0;
		};
/* End PBXCopyFilesBuildPhase section */

/* Begin PBXFileReference section */
		0DB57A67008614AC898880E2 /* Kingfisher.framework */ = {isa = PBXFileReference; explicitFileType = wrapper.framework; includeInIndex = 0; path = Kingfisher.framework; sourceTree = BUILT_PRODUCTS_DIR; };
		1F0315BE6A30857E6E214122 /* ContentView.swift */ = {isa = PBXFileReference; lastKnownFileType = sourcecode.swift; path = ContentView.swift; sourceTree = "<group>"; };
		5EF57C21CC2145CB67368A6E /* Notizen-App.swift */ = {isa = PBXFileReference; lastKnownFileType = sourcecode.swift; path = "Notizen-App.swift"; sourceTree = "<group>"; };
		6AF44E62C96456C6ECE27539 /* Notizen.xcconfig */ = {isa = PBXFileReference; lastKnownFileType = text.xcconfig; path = Notizen.xcconfig; sourceTree = "<group>"; };
		7AC7DDA31A43AAB1304225B9 /* Notizen-Project.xcconfig */ = {isa = PBXFileReference; lastKnownFileType = text.xcconfig; path = "Notizen-Project.xcconfig"; sourceTree = "<group>"; };
		A26EA9FFA669C82FEFEE3CA0 /* Notizen.app */ = {isa = PBXFileReference; explicitFileType = wrapper.application; includeInIndex = 0; path = Notizen.app; sourceTree = BUILT_PRODUCTS_DIR; };
		A939FD02973047E72B56C7E5 /* Shared.framework */ = {isa = PBXFileReference; lastKnownFileType = wrapper.framework; path = Shared.framework; sourceTree = "<group>"; };
		DE9354B9F363D9F699327724 /* Notizen-Info.plist */ = {isa = PBXFileReference; lastKnownFileType = text.plist; path = "Notizen-Info.plist"; sourceTree = "<group>"; };
		E7FCFF88B9A0055CFF04F08C /* Kingfisher_Kingfisher.bundle */ = {isa = PBXFileReference; explicitFileType = wrapper.cfbundle; includeInIndex = 0; path = Kingfisher_Kingfisher.bundle; sourceTree = BUILT_PRODUCTS_DIR; };
/* End PBXFileReference section */

/* Begin PBXFrameworksBuildPhase section */
		8AA695C209E3D630F5D063C9 /* Frameworks */ = {
			isa = PBXFrameworksBuildPhase;
			buildActionMask = 2147483647;
			files = (
				4777C3C61BBB8475FFBAAB35 /* Kingfisher.framework in Frameworks */,
				A1AE53CF9F2BEF4FA4BE8353 /* Shared.framework in Frameworks */,
			);
			runOnlyForDeploymentPostprocessing = 0;
		};
/* End PBXFrameworksBuildPhase section */

/* Begin PBXGroup section */
		2CD447EF7453E9F1842CA0ED /* Derived */ = {
			isa = PBXGroup;
			children = (
				D90DFBA539931A221A9CEF25 /* InfoPlists */,
			);
			path = Derived;
			sourceTree = "<group>";
		};
		2E4BC3EA383E325D50868B33 /* xcconfigs */ = {
			isa = PBXGroup;
			children = (
				7AC7DDA31A43AAB1304225B9 /* Notizen-Project.xcconfig */,
				6AF44E62C96456C6ECE27539 /* Notizen.xcconfig */,
			);
			path = xcconfigs;
			sourceTree = "<group>";
		};
		48B3D3FED11BCF3A083BE585 /* Project */ = {
			isa = PBXGroup;
			children = (
				2CD447EF7453E9F1842CA0ED /* Derived */,
				FA79B16E2BBE0DCDDF5F5293 /* shared */,
				4B828B0CF034DE4249B5CCC4 /* Sources */,
				2E4BC3EA383E325D50868B33 /* xcconfigs */,
			);
			name = Project;
			sourceTree = "<group>";
		};
		4B828B0CF034DE4249B5CCC4 /* Sources */ = {
			isa = PBXGroup;
			children = (
				931D5215B1E75BBA17ACA9A7 /* Notizen */,
			);
			path = Sources;
			sourceTree = "<group>";
		};
		570BBE30011982EB03A7A97E /* Products */ = {
			isa = PBXGroup;
			children = (
				E7FCFF88B9A0055CFF04F08C /* Kingfisher_Kingfisher.bundle */,
				0DB57A67008614AC898880E2 /* Kingfisher.framework */,
				A26EA9FFA669C82FEFEE3CA0 /* Notizen.app */,
			);
			name = Products;
			sourceTree = "<group>";
		};
		8D751B709DA7F2B19CF584EE /* iosSimulatorArm64 */ = {
			isa = PBXGroup;
			children = (
				A3A8252064D6F648220866B9 /* debugFramework */,
			);
			path = iosSimulatorArm64;
			sourceTree = "<group>";
		};
		931D5215B1E75BBA17ACA9A7 /* Notizen */ = {
			isa = PBXGroup;
			children = (
				BD8C34842F4FF5B1248EC7BA /* Views */,
				5EF57C21CC2145CB67368A6E /* Notizen-App.swift */,
			);
			path = Notizen;
			sourceTree = "<group>";
		};
		93AA3DEF70BBFEED8220E03D /* build */ = {
			isa = PBXGroup;
			children = (
				FDD6337F912228490ECABCA6 /* bin */,
			);
			path = build;
			sourceTree = "<group>";
		};
		973D8E523354012F65D8C2DA = {
			isa = PBXGroup;
			children = (
				48B3D3FED11BCF3A083BE585 /* Project */,
				570BBE30011982EB03A7A97E /* Products */,
			);
			sourceTree = "<group>";
		};
		A3A8252064D6F648220866B9 /* debugFramework */ = {
			isa = PBXGroup;
			children = (
				A939FD02973047E72B56C7E5 /* Shared.framework */,
			);
			path = debugFramework;
			sourceTree = "<group>";
		};
		BD8C34842F4FF5B1248EC7BA /* Views */ = {
			isa = PBXGroup;
			children = (
				1F0315BE6A30857E6E214122 /* ContentView.swift */,
			);
			path = Views;
			sourceTree = "<group>";
		};
		D90DFBA539931A221A9CEF25 /* InfoPlists */ = {
			isa = PBXGroup;
			children = (
				DE9354B9F363D9F699327724 /* Notizen-Info.plist */,
			);
			path = InfoPlists;
			sourceTree = "<group>";
		};
		FA79B16E2BBE0DCDDF5F5293 /* shared */ = {
			isa = PBXGroup;
			children = (
				93AA3DEF70BBFEED8220E03D /* build */,
			);
			name = shared;
			path = ../shared;
			sourceTree = "<group>";
		};
		FDD6337F912228490ECABCA6 /* bin */ = {
			isa = PBXGroup;
			children = (
				8D751B709DA7F2B19CF584EE /* iosSimulatorArm64 */,
			);
			path = bin;
			sourceTree = "<group>";
		};
/* End PBXGroup section */

/* Begin PBXNativeTarget section */
		CD9149162AD0A94C51E3F69E /* Notizen */ = {
			isa = PBXNativeTarget;
			buildConfigurationList = 0FFDA6AD2B2CEB18FA0A2E83 /* Build configuration list for PBXNativeTarget "Notizen" */;
			buildPhases = (
				914713BB573D60EC0097A1F3 /* Sources */,
				1CE5B2C07D3ECF6CE68A12E7 /* Resources */,
				8AA695C209E3D630F5D063C9 /* Frameworks */,
				C48D7B85D43E97AA784F7BFF /* Embed Frameworks */,
				63E5BB363D6721F1BE9E2297 /* Dependencies */,
			);
			buildRules = (
			);
			dependencies = (
			);
			name = Notizen;
			packageProductDependencies = (
			);
			productName = Notizen;
			productReference = A26EA9FFA669C82FEFEE3CA0 /* Notizen.app */;
			productType = "com.apple.product-type.application";
		};
/* End PBXNativeTarget section */

/* Begin PBXProject section */
		60DC2F3CEE9824F198A3BBD7 /* Project object */ = {
			isa = PBXProject;
			attributes = {
				BuildIndependentTargetsInParallel = YES;
				TargetAttributes = {
				};
			};
			buildConfigurationList = 225F269AC2972A1CF1846B67 /* Build configuration list for PBXProject "Notizen" */;
			compatibilityVersion = "Xcode 14.0";
			developmentRegion = en;
			hasScannedForEncodings = 0;
			knownRegions = (
				Base,
				en,
			);
			mainGroup = 973D8E523354012F65D8C2DA;
			productRefGroup = 570BBE30011982EB03A7A97E /* Products */;
			projectDirPath = "";
			projectRoot = "";
			targets = (
				CD9149162AD0A94C51E3F69E /* Notizen */,
			);
		};
/* End PBXProject section */

/* Begin PBXResourcesBuildPhase section */
		1CE5B2C07D3ECF6CE68A12E7 /* Resources */ = {
			isa = PBXResourcesBuildPhase;
			buildActionMask = 2147483647;
			files = (
				FCA9EA822CCB44010E9A3D5D /* Kingfisher_Kingfisher.bundle in Resources */,
			);
			runOnlyForDeploymentPostprocessing = 0;
		};
/* End PBXResourcesBuildPhase section */

/* Begin PBXSourcesBuildPhase section */
		914713BB573D60EC0097A1F3 /* Sources */ = {
			isa = PBXSourcesBuildPhase;
			buildActionMask = 2147483647;
			files = (
				F7C6CF3C96C4B74D175F0F16 /* Notizen-App.swift in Sources */,
				E163E36550C2618FF867F845 /* ContentView.swift in Sources */,
			);
			runOnlyForDeploymentPostprocessing = 0;
		};
/* End PBXSourcesBuildPhase section */

/* Begin XCBuildConfiguration section */
		1E0B40B0D965ED027D049769 /* Debug */ = {
			isa = XCBuildConfiguration;
			baseConfigurationReference = 7AC7DDA31A43AAB1304225B9 /* Notizen-Project.xcconfig */;
			buildSettings = {
				ALWAYS_SEARCH_USER_PATHS = NO;
				CLANG_ANALYZER_LOCALIZABILITY_NONLOCALIZED = YES;
				CLANG_ANALYZER_NONNULL = YES;
				CLANG_ANALYZER_NUMBER_OBJECT_CONVERSION = YES_AGGRESSIVE;
				CLANG_CXX_LANGUAGE_STANDARD = "gnu++14";
				CLANG_CXX_LIBRARY = "libc++";
				CLANG_ENABLE_MODULES = YES;
				CLANG_ENABLE_OBJC_ARC = YES;
				CLANG_ENABLE_OBJC_WEAK = YES;
				CLANG_WARN_BLOCK_CAPTURE_AUTORELEASING = YES;
				CLANG_WARN_BOOL_CONVERSION = YES;
				CLANG_WARN_COMMA = YES;
				CLANG_WARN_CONSTANT_CONVERSION = YES;
				CLANG_WARN_DEPRECATED_OBJC_IMPLEMENTATIONS = YES;
				CLANG_WARN_DIRECT_OBJC_ISA_USAGE = YES_ERROR;
				CLANG_WARN_DOCUMENTATION_COMMENTS = YES;
				CLANG_WARN_EMPTY_BODY = YES;
				CLANG_WARN_ENUM_CONVERSION = YES;
				CLANG_WARN_INFINITE_RECURSION = YES;
				CLANG_WARN_INT_CONVERSION = YES;
				CLANG_WARN_NON_LITERAL_NULL_CONVERSION = YES;
				CLANG_WARN_OBJC_IMPLICIT_RETAIN_SELF = YES;
				CLANG_WARN_OBJC_LITERAL_CONVERSION = YES;
				CLANG_WARN_OBJC_ROOT_CLASS = YES_ERROR;
				CLANG_WARN_QUOTED_INCLUDE_IN_FRAMEWORK_HEADER = YES;
				CLANG_WARN_RANGE_LOOP_ANALYSIS = YES;
				CLANG_WARN_STRICT_PROTOTYPES = YES;
				CLANG_WARN_SUSPICIOUS_MOVE = YES;
				CLANG_WARN_UNGUARDED_AVAILABILITY = YES_AGGRESSIVE;
				CLANG_WARN_UNREACHABLE_CODE = YES;
				CLANG_WARN__DUPLICATE_METHOD_MATCH = YES;
				COPY_PHASE_STRIP = NO;
				DEAD_CODE_STRIPPING = YES;
				DEBUG_INFORMATION_FORMAT = dwarf;
				ENABLE_STRICT_OBJC_MSGSEND = YES;
				ENABLE_TESTABILITY = YES;
				GCC_C_LANGUAGE_STANDARD = gnu11;
				GCC_DYNAMIC_NO_PIC = NO;
				GCC_NO_COMMON_BLOCKS = YES;
				GCC_OPTIMIZATION_LEVEL = 0;
				GCC_PREPROCESSOR_DEFINITIONS = (
					"DEBUG=1",
					"$(inherited)",
				);
				GCC_WARN_64_TO_32_BIT_CONVERSION = YES;
				GCC_WARN_ABOUT_RETURN_TYPE = YES_ERROR;
				GCC_WARN_UNDECLARED_SELECTOR = YES;
				GCC_WARN_UNINITIALIZED_AUTOS = YES_AGGRESSIVE;
				GCC_WARN_UNUSED_FUNCTION = YES;
				GCC_WARN_UNUSED_VARIABLE = YES;
				MTL_ENABLE_DEBUG_INFO = YES;
				ONLY_ACTIVE_ARCH = YES;
				PRODUCT_NAME = "$(TARGET_NAME)";
			};
			name = Debug;
		};
		2113E4D5487809058C2F09DD /* Release */ = {
			isa = XCBuildConfiguration;
			baseConfigurationReference = 6AF44E62C96456C6ECE27539 /* Notizen.xcconfig */;
			buildSettings = {
				ASSETCATALOG_COMPILER_APPICON_NAME = AppIcon;
				ASSETCATALOG_COMPILER_GLOBAL_ACCENT_COLOR_NAME = AccentColor;
				CODE_SIGN_IDENTITY = "iPhone Developer";
				ENABLE_PREVIEWS = YES;
				FRAMEWORK_SEARCH_PATHS = (
					"$(inherited)",
					"$(SRCROOT)/../shared/build/bin/iosSimulatorArm64/debugFramework",
				);
				INFOPLIST_FILE = "Derived/InfoPlists/Notizen-Info.plist";
				LD_RUNPATH_SEARCH_PATHS = (
					"$(inherited)",
					"@executable_path/Frameworks",
				);
				PRODUCT_BUNDLE_IDENTIFIER = dev.tuist.notizen;
				PRODUCT_NAME = Notizen;
				SDKROOT = iphoneos;
				SUPPORTS_MACCATALYST = NO;
				SUPPORTS_MAC_DESIGNED_FOR_IPHONE_IPAD = YES;
				SUPPORTS_XR_DESIGNED_FOR_IPHONE_IPAD = NO;
				SWIFT_COMPILATION_MODE = wholemodule;
				SWIFT_OPTIMIZATION_LEVEL = "-O";
				SWIFT_VERSION = 5.0;
				TARGETED_DEVICE_FAMILY = "1,2";
			};
			name = Release;
		};
		5DA46D025FC7F3D8E7042DDA /* Debug */ = {
			isa = XCBuildConfiguration;
			baseConfigurationReference = 6AF44E62C96456C6ECE27539 /* Notizen.xcconfig */;
			buildSettings = {
				ASSETCATALOG_COMPILER_APPICON_NAME = AppIcon;
				ASSETCATALOG_COMPILER_GLOBAL_ACCENT_COLOR_NAME = AccentColor;
				CODE_SIGN_IDENTITY = "iPhone Developer";
				ENABLE_PREVIEWS = YES;
				FRAMEWORK_SEARCH_PATHS = (
					"$(inherited)",
					"$(SRCROOT)/../shared/build/bin/iosSimulatorArm64/debugFramework",
				);
				INFOPLIST_FILE = "Derived/InfoPlists/Notizen-Info.plist";
				LD_RUNPATH_SEARCH_PATHS = (
					"$(inherited)",
					"@executable_path/Frameworks",
				);
				PRODUCT_BUNDLE_IDENTIFIER = dev.tuist.notizen;
				PRODUCT_NAME = Notizen;
				SDKROOT = iphoneos;
				SUPPORTS_MACCATALYST = NO;
				SUPPORTS_MAC_DESIGNED_FOR_IPHONE_IPAD = YES;
				SUPPORTS_XR_DESIGNED_FOR_IPHONE_IPAD = NO;
				SWIFT_ACTIVE_COMPILATION_CONDITIONS = (
					"$(inherited)",
					DEBUG,
				);
				SWIFT_COMPILATION_MODE = singlefile;
				SWIFT_OPTIMIZATION_LEVEL = "-Onone";
				SWIFT_VERSION = 5.0;
				TARGETED_DEVICE_FAMILY = "1,2";
			};
			name = Debug;
		};
		7D1D7CA93DCA8573161C9CCD /* Release */ = {
			isa = XCBuildConfiguration;
			baseConfigurationReference = 7AC7DDA31A43AAB1304225B9 /* Notizen-Project.xcconfig */;
			buildSettings = {
				ALWAYS_SEARCH_USER_PATHS = NO;
				CLANG_ANALYZER_LOCALIZABILITY_NONLOCALIZED = YES;
				CLANG_ANALYZER_NONNULL = YES;
				CLANG_ANALYZER_NUMBER_OBJECT_CONVERSION = YES_AGGRESSIVE;
				CLANG_CXX_LANGUAGE_STANDARD = "gnu++14";
				CLANG_CXX_LIBRARY = "libc++";
				CLANG_ENABLE_MODULES = YES;
				CLANG_ENABLE_OBJC_ARC = YES;
				CLANG_ENABLE_OBJC_WEAK = YES;
				CLANG_WARN_BLOCK_CAPTURE_AUTORELEASING = YES;
				CLANG_WARN_BOOL_CONVERSION = YES;
				CLANG_WARN_COMMA = YES;
				CLANG_WARN_CONSTANT_CONVERSION = YES;
				CLANG_WARN_DEPRECATED_OBJC_IMPLEMENTATIONS = YES;
				CLANG_WARN_DIRECT_OBJC_ISA_USAGE = YES_ERROR;
				CLANG_WARN_DOCUMENTATION_COMMENTS = YES;
				CLANG_WARN_EMPTY_BODY = YES;
				CLANG_WARN_ENUM_CONVERSION = YES;
				CLANG_WARN_INFINITE_RECURSION = YES;
				CLANG_WARN_INT_CONVERSION = YES;
				CLANG_WARN_NON_LITERAL_NULL_CONVERSION = YES;
				CLANG_WARN_OBJC_IMPLICIT_RETAIN_SELF = YES;
				CLANG_WARN_OBJC_LITERAL_CONVERSION = YES;
				CLANG_WARN_OBJC_ROOT_CLASS = YES_ERROR;
				CLANG_WARN_QUOTED_INCLUDE_IN_FRAMEWORK_HEADER = YES;
				CLANG_WARN_RANGE_LOOP_ANALYSIS = YES;
				CLANG_WARN_STRICT_PROTOTYPES = YES;
				CLANG_WARN_SUSPICIOUS_MOVE = YES;
				CLANG_WARN_UNGUARDED_AVAILABILITY = YES_AGGRESSIVE;
				CLANG_WARN_UNREACHABLE_CODE = YES;
				CLANG_WARN__DUPLICATE_METHOD_MATCH = YES;
				COPY_PHASE_STRIP = NO;
				DEAD_CODE_STRIPPING = YES;
				DEBUG_INFORMATION_FORMAT = "dwarf-with-dsym";
				ENABLE_NS_ASSERTIONS = NO;
				ENABLE_STRICT_OBJC_MSGSEND = YES;
				GCC_C_LANGUAGE_STANDARD = gnu11;
				GCC_NO_COMMON_BLOCKS = YES;
				GCC_WARN_64_TO_32_BIT_CONVERSION = YES;
				GCC_WARN_ABOUT_RETURN_TYPE = YES_ERROR;
				GCC_WARN_UNDECLARED_SELECTOR = YES;
				GCC_WARN_UNINITIALIZED_AUTOS = YES_AGGRESSIVE;
				GCC_WARN_UNUSED_FUNCTION = YES;
				GCC_WARN_UNUSED_VARIABLE = YES;
				MTL_ENABLE_DEBUG_INFO = NO;
				PRODUCT_NAME = "$(TARGET_NAME)";
				VALIDATE_PRODUCT = YES;
			};
			name = Release;
		};
/* End XCBuildConfiguration section */

/* Begin XCConfigurationList section */
		0FFDA6AD2B2CEB18FA0A2E83 /* Build configuration list for PBXNativeTarget "Notizen" */ = {
			isa = XCConfigurationList;
			buildConfigurations = (
				5DA46D025FC7F3D8E7042DDA /* Debug */,
				2113E4D5487809058C2F09DD /* Release */,
			);
			defaultConfigurationIsVisible = 0;
			defaultConfigurationName = Release;
		};
		225F269AC2972A1CF1846B67 /* Build configuration list for PBXProject "Notizen" */ = {
			isa = XCConfigurationList;
			buildConfigurations = (
				1E0B40B0D965ED027D049769 /* Debug */,
				7D1D7CA93DCA8573161C9CCD /* Release */,
			);
			defaultConfigurationIsVisible = 0;
			defaultConfigurationName = Release;
		};
/* End XCConfigurationList section */
	};
	rootObject = 60DC2F3CEE9824F198A3BBD7 /* Project object */;
}
